
Microsoft Visual Studio Solution File, Format Version 12.00
# Visual Studio 2012
Project("{8BC9CEB8-8B4A-11D0-8D11-00A0C91BC942}") = "Simulador_Cache", "Simulador_Cache\Simulador_Cache.vcxproj", "{C6B3B073-BB4E-411C-B622-5D2DF463C4D4}"
EndProject
Global
	GlobalSection(SolutionConfigurationPlatforms) = preSolution
		Debug|Win32 = Debug|Win32
		Release|Win32 = Release|Win32
	EndGlobalSection
	GlobalSection(ProjectConfigurationPlatforms) = postSolution
		{C6B3B073-BB4E-411C-B622-5D2DF463C4D4}.Debug|Win32.ActiveCfg = Debug|Win32
		{C6B3B073-BB4E-411C-B622-5D2DF463C4D4}.Debug|Win32.Build.0 = Debug|Win32
		{C6B3B073-BB4E-411C-B622-5D2DF463C4D4}.Release|Win32.ActiveCfg = Release|Win32
		{C6B3B073-BB4E-411C-B622-5D2DF463C4D4}.Release|Win32.Build.0 = Release|Win32
	EndGlobalSection
	GlobalSection(SolutionProperties) = preSolution
		HideSolutionNode = FALSE
	EndGlobalSection
EndGlobal
